
Microsoft Visual Studio Solution File, Format Version 12.00
# Visual Studio Version 16
VisualStudioVersion = 16.0.31205.134
MinimumVisualStudioVersion = 10.0.40219.1
Project("{FAE04EC0-301F-11D3-BF4B-00C04F79EFBC}") = "ffmpeg_mp4_to_hls", "ffmpeg_mp4_to_hls\ffmpeg_mp4_to_hls.csproj", "{79FACCBF-4F29-471D-A3E9-1E1BD35B557A}"
EndProject
Global
	GlobalSection(SolutionConfigurationPlatforms) = preSolution
		Debug|Any CPU = Debug|Any CPU
		Release|Any CPU = Release|Any CPU
	EndGlobalSection
	GlobalSection(ProjectConfigurationPlatforms) = postSolution
		{79FACCBF-4F29-471D-A3E9-1E1BD35B557A}.Debug|Any CPU.ActiveCfg = Debug|Any CPU
		{79FACCBF-4F29-471D-A3E9-1E1BD35B557A}.Debug|Any CPU.Build.0 = Debug|Any CPU
		{79FACCBF-4F29-471D-A3E9-1E1BD35B557A}.Release|Any CPU.ActiveCfg = Release|Any CPU
		{79FACCBF-4F29-471D-A3E9-1E1BD35B557A}.Release|Any CPU.Build.0 = Release|Any CPU
	EndGlobalSection
	GlobalSection(SolutionProperties) = preSolution
		HideSolutionNode = FALSE
	EndGlobalSection
	GlobalSection(ExtensibilityGlobals) = postSolution
		SolutionGuid = {6DF47647-DFA0-4F55-8DD0-EC804DC20407}
	EndGlobalSection
EndGlobal
